
Microsoft Visual Studio Solution File, Format Version 12.00
# Visual Studio 15
VisualStudioVersion = 15.0.27130.2036
MinimumVisualStudioVersion = 10.0.40219.1
Project("{FAE04EC0-301F-11D3-BF4B-00C04F79EFBC}") = "ShiYanShiYuDing", "ShiYanShiYuDing\ShiYanShiYuDing.csproj", "{C455489B-1A23-4EF8-B57C-53548B64AE56}"
EndProject
Project("{E24C65DC-7377-472B-9ABA-BC803B73C61A}") = "ShiYanShiWebSite", "ShiYanShiWebSite\", "{B50A8B72-036E-4114-BFA2-DD5807D988BA}"
	ProjectSection(WebsiteProperties) = preProject
		TargetFrameworkMoniker = ".NETFramework,Version%3Dv4.6.1"
		Debug.AspNetCompiler.VirtualPath = "/localhost_62096"
		Debug.AspNetCompiler.PhysicalPath = "ShiYanShiWebSite\"
		Debug.AspNetCompiler.TargetPath = "PrecompiledWeb\localhost_62096\"
		Debug.AspNetCompiler.Updateable = "true"
		Debug.AspNetCompiler.ForceOverwrite = "true"
		Debug.AspNetCompiler.FixedNames = "false"
		Debug.AspNetCompiler.Debug = "True"
		Release.AspNetCompiler.VirtualPath = "/localhost_62096"
		Release.AspNetCompiler.PhysicalPath = "ShiYanShiWebSite\"
		Release.AspNetCompiler.TargetPath = "PrecompiledWeb\localhost_62096\"
		Release.AspNetCompiler.Updateable = "true"
		Release.AspNetCompiler.ForceOverwrite = "true"
		Release.AspNetCompiler.FixedNames = "false"
		Release.AspNetCompiler.Debug = "False"
		VWDPort = "62096"
	EndProjectSection
EndProject
Global
	GlobalSection(SolutionConfigurationPlatforms) = preSolution
		Debug|Any CPU = Debug|Any CPU
		Release|Any CPU = Release|Any CPU
	EndGlobalSection
	GlobalSection(ProjectConfigurationPlatforms) = postSolution
		{C455489B-1A23-4EF8-B57C-53548B64AE56}.Debug|Any CPU.ActiveCfg = Debug|Any CPU
		{C455489B-1A23-4EF8-B57C-53548B64AE56}.Debug|Any CPU.Build.0 = Debug|Any CPU
		{C455489B-1A23-4EF8-B57C-53548B64AE56}.Release|Any CPU.ActiveCfg = Release|Any CPU
		{C455489B-1A23-4EF8-B57C-53548B64AE56}.Release|Any CPU.Build.0 = Release|Any CPU
		{B50A8B72-036E-4114-BFA2-DD5807D988BA}.Debug|Any CPU.ActiveCfg = Debug|Any CPU
		{B50A8B72-036E-4114-BFA2-DD5807D988BA}.Debug|Any CPU.Build.0 = Debug|Any CPU
		{B50A8B72-036E-4114-BFA2-DD5807D988BA}.Release|Any CPU.ActiveCfg = Debug|Any CPU
		{B50A8B72-036E-4114-BFA2-DD5807D988BA}.Release|Any CPU.Build.0 = Debug|Any CPU
	EndGlobalSection
	GlobalSection(SolutionProperties) = preSolution
		HideSolutionNode = FALSE
	EndGlobalSection
	GlobalSection(ExtensibilityGlobals) = postSolution
		SolutionGuid = {A898797C-A617-4C14-82B4-101D3AA9837C}
	EndGlobalSection
EndGlobal
